
Microsoft Visual Studio Solution File, Format Version 12.00
# Visual Studio Version 16
VisualStudioVersion = 16.0.31729.503
MinimumVisualStudioVersion = 10.0.40219.1
Project("{FAE04EC0-301F-11D3-BF4B-00C04F79EFBC}") = "programmerenVanGamesInCS", "programmerenVanGamesInCS\programmerenVanGamesInCS.csproj", "{B407D2EF-908E-47FE-B772-56EE692F5BBC}"
EndProject
Global
	GlobalSection(SolutionConfigurationPlatforms) = preSolution
		Debug|Any CPU = Debug|Any CPU
		Release|Any CPU = Release|Any CPU
	EndGlobalSection
	GlobalSection(ProjectConfigurationPlatforms) = postSolution
		{B407D2EF-908E-47FE-B772-56EE692F5BBC}.Debug|Any CPU.ActiveCfg = Debug|Any CPU
		{B407D2EF-908E-47FE-B772-56EE692F5BBC}.Debug|Any CPU.Build.0 = Debug|Any CPU
		{B407D2EF-908E-47FE-B772-56EE692F5BBC}.Release|Any CPU.ActiveCfg = Release|Any CPU
		{B407D2EF-908E-47FE-B772-56EE692F5BBC}.Release|Any CPU.Build.0 = Release|Any CPU
	EndGlobalSection
	GlobalSection(SolutionProperties) = preSolution
		HideSolutionNode = FALSE
	EndGlobalSection
	GlobalSection(ExtensibilityGlobals) = postSolution
		SolutionGuid = {C860402F-54CD-4600-93DE-3B834B539919}
	EndGlobalSection
EndGlobal
